{
  "name": "dsjxtqd",
  "version": "1.0.0",
  "lockfileVersion": 1,
  "requires": true,
  "dependencies": {
    "bfj-node4": {
      "version": "5.3.1",
      "resolved": "https://registry.npmjs.org/bfj-node4/-/bfj-node4-5.3.1.tgz",
      "integrity": "sha512-SOmOsowQWfXc7ybFARsK3C4MCOWzERaOMV/Fl3Tgjs+5dJWyzo3oa127jL44eMbQiAN17J7SvAs2TRxEScTUmg==",
      "requires": {
        "bluebird": "^3.5.1",
        "check-types": "^7.3.0",
        "tryer": "^1.0.0"
      }
    },
    "bluebird": {
      "version": "3.5.3",
      "resolved": "https://registry.npmjs.org/bluebird/-/bluebird-3.5.3.tgz",
      "integrity": "sha512-/qKPUQlaW1OyR51WeCPBvRnAlnZFUJkCSG5HzGnuIqhgyJtF+T94lFnn33eiazjRm2LAHVy2guNnaq48X9SJuw=="
    },
    "browserslist": {
      "version": "4.3.4",
      "resolved": "https://registry.npmjs.org/browserslist/-/browserslist-4.3.4.tgz",
      "integrity": "sha512-u5iz+ijIMUlmV8blX82VGFrB9ecnUg5qEt55CMZ/YJEhha+d8qpBfOFuutJ6F/VKRXjZoD33b6uvarpPxcl3RA==",
      "requires": {
        "caniuse-lite": "^1.0.30000899",
        "electron-to-chromium": "^1.3.82",
        "node-releases": "^1.0.1"
      }
    },
    "caniuse-lite": {
      "version": "1.0.30000912",
      "resolved": "https://registry.npmjs.org/caniuse-lite/-/caniuse-lite-1.0.30000912.tgz",
      "integrity": "sha512-M3zAtV36U+xw5mMROlTXpAHClmPAor6GPKAMD5Yi7glCB5sbMPFtnQ3rGpk4XqPdUrrTIaVYSJZxREZWNy8QJg=="
    },
    "check-types": {
      "version": "7.4.0",
      "resolved": "https://registry.npmjs.org/check-types/-/check-types-7.4.0.tgz",
      "integrity": "sha512-YbulWHdfP99UfZ73NcUDlNJhEIDgm9Doq9GhpyXbF+7Aegi3CVV7qqMCKTTqJxlvEvnQBp9IA+dxsGN6xK/nSg=="
    },
    "electron-to-chromium": {
      "version": "1.3.85",
      "resolved": "https://registry.npmjs.org/electron-to-chromium/-/electron-to-chromium-1.3.85.tgz",
      "integrity": "sha512-kWSDVVF9t3mft2OHVZy4K85X2beP6c6mFm3teFS/mLSDJpQwuFIWHrULCX+w6H1E55ZYmFRlT+ATAFRwhrYzsw=="
    },
    "node-releases": {
      "version": "1.0.5",
      "resolved": "https://registry.npmjs.org/node-releases/-/node-releases-1.0.5.tgz",
      "integrity": "sha512-Ky7q0BO1BBkG/rQz6PkEZ59rwo+aSfhczHP1wwq8IowoVdN/FpiP7qp0XW0P2+BVCWe5fQUBozdbVd54q1RbCQ==",
      "requires": {
        "semver": "^5.3.0"
      }
    },
    "semver": {
      "version": "5.6.0",
      "resolved": "https://registry.npmjs.org/semver/-/semver-5.6.0.tgz",
      "integrity": "sha512-RS9R6R35NYgQn++fkDWaOmqGoj4Ek9gGs+DPxNUZKuwE183xjJroKvyo1IzVFeXvUrvmALy6FWD5xrdJT25gMg=="
    },
    "tryer": {
      "version": "1.0.1",
      "resolved": "https://registry.npmjs.org/tryer/-/tryer-1.0.1.tgz",
      "integrity": "sha512-c3zayb8/kWWpycWYg87P71E1S1ZL6b6IJxfb5fvsUgsf0S2MVGaDhDXXjDMpdCpfWXqptc+4mXwmiy1ypXqRAA=="
    },
    "vue": {
      "version": "2.5.17",
      "resolved": "http://registry.npm.taobao.org/vue/download/vue-2.5.17.tgz",
      "integrity": "sha1-D4eJrXGL5oyhhyYpgy7VM1icato="
    },
    "vue-router": {
      "version": "3.0.2",
      "resolved": "http://registry.npm.taobao.org/vue-router/download/vue-router-3.0.2.tgz",
      "integrity": "sha1-3txnr+bE4rwlaCyLHCqMDXx+Vr4="
    }
  }
}
